// !$*UTF8*$!
{
	archiveVersion = 1;
	classes = {
	};
	objectVersion = 55;
	objects = {

/* Begin PBXBuildFile section */
		DF791EAF2731C3D10024F698 /* Tests_iOS.swift in Sources */ = {isa = PBXBuildFile; fileRef = DF791EAE2731C3D10024F698 /* Tests_iOS.swift */; };
		DF791EB12731C3D10024F698 /* Tests_iOSLaunchTests.swift in Sources */ = {isa = PBXBuildFile; fileRef = DF791EB02731C3D10024F698 /* Tests_iOSLaunchTests.swift */; };
		DF791EBB2731C3D10024F698 /* Tests_macOS.swift in Sources */ = {isa = PBXBuildFile; fileRef = DF791EBA2731C3D10024F698 /* Tests_macOS.swift */; };
		DF791EBD2731C3D10024F698 /* Tests_macOSLaunchTests.swift in Sources */ = {isa = PBXBuildFile; fileRef = DF791EBC2731C3D10024F698 /* Tests_macOSLaunchTests.swift */; };
		DF791EBE2731C3D10024F698 /* movies_jsonApp.swift in Sources */ = {isa = PBXBuildFile; fileRef = DF791E962731C3D00024F698 /* movies_jsonApp.swift */; };
		DF791EBF2731C3D10024F698 /* movies_jsonApp.swift in Sources */ = {isa = PBXBuildFile; fileRef = DF791E962731C3D00024F698 /* movies_jsonApp.swift */; };
		DF791EC02731C3D10024F698 /* ContentView.swift in Sources */ = {isa = PBXBuildFile; fileRef = DF791E972731C3D00024F698 /* ContentView.swift */; };
		DF791EC12731C3D10024F698 /* ContentView.swift in Sources */ = {isa = PBXBuildFile; fileRef = DF791E972731C3D00024F698 /* ContentView.swift */; };
		DF791EC22731C3D10024F698 /* Assets.xcassets in Resources */ = {isa = PBXBuildFile; fileRef = DF791E982731C3D10024F698 /* Assets.xcassets */; };
		DF791EC32731C3D10024F698 /* Assets.xcassets in Resources */ = {isa = PBXBuildFile; fileRef = DF791E982731C3D10024F698 /* Assets.xcassets */; };
/* End PBXBuildFile section */

/* Begin PBXContainerItemProxy section */
		DF791EAB2731C3D10024F698 /* PBXContainerItemProxy */ = {
			isa = PBXContainerItemProxy;
			containerPortal = DF791E912731C3CF0024F698 /* Project object */;
			proxyType = 1;
			remoteGlobalIDString = DF791E9C2731C3D10024F698;
			remoteInfo = "movies_json (iOS)";
		};
		DF791EB72731C3D10024F698 /* PBXContainerItemProxy */ = {
			isa = PBXContainerItemProxy;
			containerPortal = DF791E912731C3CF0024F698 /* Project object */;
			proxyType = 1;
			remoteGlobalIDString = DF791EA22731C3D10024F698;
			remoteInfo = "movies_json (macOS)";
		};
/* End PBXContainerItemProxy section */

/* Begin PBXFileReference section */
		DF791E962731C3D00024F698 /* movies_jsonApp.swift */ = {isa = PBXFileReference; lastKnownFileType = sourcecode.swift; path = movies_jsonApp.swift; sourceTree = "<group>"; };
		DF791E972731C3D00024F698 /* ContentView.swift */ = {isa = PBXFileReference; lastKnownFileType = sourcecode.swift; path = ContentView.swift; sourceTree = "<group>"; };
		DF791E982731C3D10024F698 /* Assets.xcassets */ = {isa = PBXFileReference; lastKnownFileType = folder.assetcatalog; path = Assets.xcassets; sourceTree = "<group>"; };
		DF791E9D2731C3D10024F698 /* movies_json.app */ = {isa = PBXFileReference; explicitFileType = wrapper.application; includeInIndex = 0; path = movies_json.app; sourceTree = BUILT_PRODUCTS_DIR; };
		DF791EA32731C3D10024F698 /* movies_json.app */ = {isa = PBXFileReference; explicitFileType = wrapper.application; includeInIndex = 0; path = movies_json.app; sourceTree = BUILT_PRODUCTS_DIR; };
		DF791EA52731C3D10024F698 /* macOS.entitlements */ = {isa = PBXFileReference; lastKnownFileType = text.plist.entitlements; path = macOS.entitlements; sourceTree = "<group>"; };
		DF791EAA2731C3D10024F698 /* Tests iOS.xctest */ = {isa = PBXFileReference; explicitFileType = wrapper.cfbundle; includeInIndex = 0; path = "Tests iOS.xctest"; sourceTree = BUILT_PRODUCTS_DIR; };
		DF791EAE2731C3D10024F698 /* Tests_iOS.swift */ = {isa = PBXFileReference; lastKnownFileType = sourcecode.swift; path = Tests_iOS.swift; sourceTree = "<group>"; };
		DF791EB02731C3D10024F698 /* Tests_iOSLaunchTests.swift */ = {isa = PBXFileReference; lastKnownFileType = sourcecode.swift; path = Tests_iOSLaunchTests.swift; sourceTree = "<group>"; };
		DF791EB62731C3D10024F698 /* Tests macOS.xctest */ = {isa = PBXFileReference; explicitFileType = wrapper.cfbundle; includeInIndex = 0; path = "Tests macOS.xctest"; sourceTree = BUILT_PRODUCTS_DIR; };
		DF791EBA2731C3D10024F698 /* Tests_macOS.swift */ = {isa = PBXFileReference; lastKnownFileType = sourcecode.swift; path = Tests_macOS.swift; sourceTree = "<group>"; };
		DF791EBC2731C3D10024F698 /* Tests_macOSLaunchTests.swift */ = {isa = PBXFileReference; lastKnownFileType = sourcecode.swift; path = Tests_macOSLaunchTests.swift; sourceTree = "<group>"; };
/* End PBXFileReference section */

/* Begin PBXFrameworksBuildPhase section */
		DF791E9A2731C3D10024F698 /* Frameworks */ = {
			isa = PBXFrameworksBuildPhase;
			buildActionMask = 2147483647;
			files = (
			);
			runOnlyForDeploymentPostprocessing = 0;
		};
		DF791EA02731C3D10024F698 /* Frameworks */ = {
			isa = PBXFrameworksBuildPhase;
			buildActionMask = 2147483647;
			files = (
			);
			runOnlyForDeploymentPostprocessing = 0;
		};
		DF791EA72731C3D10024F698 /* Frameworks */ = {
			isa = PBXFrameworksBuildPhase;
			buildActionMask = 2147483647;
			files = (
			);
			runOnlyForDeploymentPostprocessing = 0;
		};
		DF791EB32731C3D10024F698 /* Frameworks */ = {
			isa = PBXFrameworksBuildPhase;
			buildActionMask = 2147483647;
			files = (
			);
			runOnlyForDeploymentPostprocessing = 0;
		};
/* End PBXFrameworksBuildPhase section */

/* Begin PBXGroup section */
		DF791E902731C3CF0024F698 = {
			isa = PBXGroup;
			children = (
				DF791E952731C3D00024F698 /* Shared */,
				DF791EA42731C3D10024F698 /* macOS */,
				DF791EAD2731C3D10024F698 /* Tests iOS */,
				DF791EB92731C3D10024F698 /* Tests macOS */,
				DF791E9E2731C3D10024F698 /* Products */,
			);
			sourceTree = "<group>";
		};
		DF791E952731C3D00024F698 /* Shared */ = {
			isa = PBXGroup;
			children = (
				DF791E962731C3D00024F698 /* movies_jsonApp.swift */,
				DF791E972731C3D00024F698 /* ContentView.swift */,
				DF791E982731C3D10024F698 /* Assets.xcassets */,
			);
			path = Shared;
			sourceTree = "<group>";
		};
		DF791E9E2731C3D10024F698 /* Products */ = {
			isa = PBXGroup;
			children = (
				DF791E9D2731C3D10024F698 /* movies_json.app */,
				DF791EA32731C3D10024F698 /* movies_json.app */,
				DF791EAA2731C3D10024F698 /* Tests iOS.xctest */,
				DF791EB62731C3D10024F698 /* Tests macOS.xctest */,
			);
			name = Products;
			sourceTree = "<group>";
		};
		DF791EA42731C3D10024F698 /* macOS */ = {
			isa = PBXGroup;
			children = (
				DF791EA52731C3D10024F698 /* macOS.entitlements */,
			);
			path = macOS;
			sourceTree = "<group>";
		};
		DF791EAD2731C3D10024F698 /* Tests iOS */ = {
			isa = PBXGroup;
			children = (
				DF791EAE2731C3D10024F698 /* Tests_iOS.swift */,
				DF791EB02731C3D10024F698 /* Tests_iOSLaunchTests.swift */,
			);
			path = "Tests iOS";
			sourceTree = "<group>";
		};
		DF791EB92731C3D10024F698 /* Tests macOS */ = {
			isa = PBXGroup;
			children = (
				DF791EBA2731C3D10024F698 /* Tests_macOS.swift */,
				DF791EBC2731C3D10024F698 /* Tests_macOSLaunchTests.swift */,
			);
			path = "Tests macOS";
			sourceTree = "<group>";
		};
/* End PBXGroup section */

/* Begin PBXNativeTarget section */
		DF791E9C2731C3D10024F698 /* movies_json (iOS) */ = {
			isa = PBXNativeTarget;
			buildConfigurationList = DF791EC62731C3D10024F698 /* Build configuration list for PBXNativeTarget "movies_json (iOS)" */;
			buildPhases = (
				DF791E992731C3D10024F698 /* Sources */,
				DF791E9A2731C3D10024F698 /* Frameworks */,
				DF791E9B2731C3D10024F698 /* Resources */,
			);
			buildRules = (
			);
			dependencies = (
			);
			name = "movies_json (iOS)";
			productName = "movies_json (iOS)";
			productReference = DF791E9D2731C3D10024F698 /* movies_json.app */;
			productType = "com.apple.product-type.application";
		};
		DF791EA22731C3D10024F698 /* movies_json (macOS) */ = {
			isa = PBXNativeTarget;
			buildConfigurationList = DF791EC92731C3D10024F698 /* Build configuration list for PBXNativeTarget "movies_json (macOS)" */;
			buildPhases = (
				DF791E9F2731C3D10024F698 /* Sources */,
				DF791EA02731C3D10024F698 /* Frameworks */,
				DF791EA12731C3D10024F698 /* Resources */,
			);
			buildRules = (
			);
			dependencies = (
			);
			name = "movies_json (macOS)";
			productName = "movies_json (macOS)";
			productReference = DF791EA32731C3D10024F698 /* movies_json.app */;
			productType = "com.apple.product-type.application";
		};
		DF791EA92731C3D10024F698 /* Tests iOS */ = {
			isa = PBXNativeTarget;
			buildConfigurationList = DF791ECC2731C3D10024F698 /* Build configuration list for PBXNativeTarget "Tests iOS" */;
			buildPhases = (
				DF791EA62731C3D10024F698 /* Sources */,
				DF791EA72731C3D10024F698 /* Frameworks */,
				DF791EA82731C3D10024F698 /* Resources */,
			);
			buildRules = (
			);
			dependencies = (
				DF791EAC2731C3D10024F698 /* PBXTargetDependency */,
			);
			name = "Tests iOS";
			productName = "Tests iOS";
			productReference = DF791EAA2731C3D10024F698 /* Tests iOS.xctest */;
			productType = "com.apple.product-type.bundle.ui-testing";
		};
		DF791EB52731C3D10024F698 /* Tests macOS */ = {
			isa = PBXNativeTarget;
			buildConfigurationList = DF791ECF2731C3D10024F698 /* Build configuration list for PBXNativeTarget "Tests macOS" */;
			buildPhases = (
				DF791EB22731C3D10024F698 /* Sources */,
				DF791EB32731C3D10024F698 /* Frameworks */,
				DF791EB42731C3D10024F698 /* Resources */,
			);
			buildRules = (
			);
			dependencies = (
				DF791EB82731C3D10024F698 /* PBXTargetDependency */,
			);
			name = "Tests macOS";
			productName = "Tests macOS";
			productReference = DF791EB62731C3D10024F698 /* Tests macOS.xctest */;
			productType = "com.apple.product-type.bundle.ui-testing";
		};
/* End PBXNativeTarget section */

/* Begin PBXProject section */
		DF791E912731C3CF0024F698 /* Project object */ = {
			isa = PBXProject;
			attributes = {
				BuildIndependentTargetsInParallel = 1;
				LastSwiftUpdateCheck = 1310;
				LastUpgradeCheck = 1310;
				TargetAttributes = {
					DF791E9C2731C3D10024F698 = {
						CreatedOnToolsVersion = 13.1;
					};
					DF791EA22731C3D10024F698 = {
						CreatedOnToolsVersion = 13.1;
					};
					DF791EA92731C3D10024F698 = {
						CreatedOnToolsVersion = 13.1;
						TestTargetID = DF791E9C2731C3D10024F698;
					};
					DF791EB52731C3D10024F698 = {
						CreatedOnToolsVersion = 13.1;
						TestTargetID = DF791EA22731C3D10024F698;
					};
				};
			};
			buildConfigurationList = DF791E942731C3CF0024F698 /* Build configuration list for PBXProject "movies_json" */;
			compatibilityVersion = "Xcode 13.0";
			developmentRegion = en;
			hasScannedForEncodings = 0;
			knownRegions = (
				en,
				Base,
			);
			mainGroup = DF791E902731C3CF0024F698;
			productRefGroup = DF791E9E2731C3D10024F698 /* Products */;
			projectDirPath = "";
			projectRoot = "";
			targets = (
				DF791E9C2731C3D10024F698 /* movies_json (iOS) */,
				DF791EA22731C3D10024F698 /* movies_json (macOS) */,
				DF791EA92731C3D10024F698 /* Tests iOS */,
				DF791EB52731C3D10024F698 /* Tests macOS */,
			);
		};
/* End PBXProject section */

/* Begin PBXResourcesBuildPhase section */
		DF791E9B2731C3D10024F698 /* Resources */ = {
			isa = PBXResourcesBuildPhase;
			buildActionMask = 2147483647;
			files = (
				DF791EC22731C3D10024F698 /* Assets.xcassets in Resources */,
			);
			runOnlyForDeploymentPostprocessing = 0;
		};
		DF791EA12731C3D10024F698 /* Resources */ = {
			isa = PBXResourcesBuildPhase;
			buildActionMask = 2147483647;
			files = (
				DF791EC32731C3D10024F698 /* Assets.xcassets in Resources */,
			);
			runOnlyForDeploymentPostprocessing = 0;
		};
		DF791EA82731C3D10024F698 /* Resources */ = {
			isa = PBXResourcesBuildPhase;
			buildActionMask = 2147483647;
			files = (
			);
			runOnlyForDeploymentPostprocessing = 0;
		};
		DF791EB42731C3D10024F698 /* Resources */ = {
			isa = PBXResourcesBuildPhase;
			buildActionMask = 2147483647;
			files = (
			);
			runOnlyForDeploymentPostprocessing = 0;
		};
/* End PBXResourcesBuildPhase section */

/* Begin PBXSourcesBuildPhase section */
		DF791E992731C3D10024F698 /* Sources */ = {
			isa = PBXSourcesBuildPhase;
			buildActionMask = 2147483647;
			files = (
				DF791EC02731C3D10024F698 /* ContentView.swift in Sources */,
				DF791EBE2731C3D10024F698 /* movies_jsonApp.swift in Sources */,
			);
			runOnlyForDeploymentPostprocessing = 0;
		};
		DF791E9F2731C3D10024F698 /* Sources */ = {
			isa = PBXSourcesBuildPhase;
			buildActionMask = 2147483647;
			files = (
				DF791EC12731C3D10024F698 /* ContentView.swift in Sources */,
				DF791EBF2731C3D10024F698 /* movies_jsonApp.swift in Sources */,
			);
			runOnlyForDeploymentPostprocessing = 0;
		};
		DF791EA62731C3D10024F698 /* Sources */ = {
			isa = PBXSourcesBuildPhase;
			buildActionMask = 2147483647;
			files = (
				DF791EB12731C3D10024F698 /* Tests_iOSLaunchTests.swift in Sources */,
				DF791EAF2731C3D10024F698 /* Tests_iOS.swift in Sources */,
			);
			runOnlyForDeploymentPostprocessing = 0;
		};
		DF791EB22731C3D10024F698 /* Sources */ = {
			isa = PBXSourcesBuildPhase;
			buildActionMask = 2147483647;
			files = (
				DF791EBD2731C3D10024F698 /* Tests_macOSLaunchTests.swift in Sources */,
				DF791EBB2731C3D10024F698 /* Tests_macOS.swift in Sources */,
			);
			runOnlyForDeploymentPostprocessing = 0;
		};
/* End PBXSourcesBuildPhase section */

/* Begin PBXTargetDependency section */
		DF791EAC2731C3D10024F698 /* PBXTargetDependency */ = {
			isa = PBXTargetDependency;
			target = DF791E9C2731C3D10024F698 /* movies_json (iOS) */;
			targetProxy = DF791EAB2731C3D10024F698 /* PBXContainerItemProxy */;
		};
		DF791EB82731C3D10024F698 /* PBXTargetDependency */ = {
			isa = PBXTargetDependency;
			target = DF791EA22731C3D10024F698 /* movies_json (macOS) */;
			targetProxy = DF791EB72731C3D10024F698 /* PBXContainerItemProxy */;
		};
/* End PBXTargetDependency section */

/* Begin XCBuildConfiguration section */
		DF791EC42731C3D10024F698 /* Debug */ = {
			isa = XCBuildConfiguration;
			buildSettings = {
				ALWAYS_SEARCH_USER_PATHS = NO;
				CLANG_ANALYZER_NONNULL = YES;
				CLANG_ANALYZER_NUMBER_OBJECT_CONVERSION = YES_AGGRESSIVE;
				CLANG_CXX_LANGUAGE_STANDARD = "gnu++17";
				CLANG_CXX_LIBRARY = "libc++";
				CLANG_ENABLE_MODULES = YES;
				CLANG_ENABLE_OBJC_ARC = YES;
				CLANG_ENABLE_OBJC_WEAK = YES;
				CLANG_WARN_BLOCK_CAPTURE_AUTORELEASING = YES;
				CLANG_WARN_BOOL_CONVERSION = YES;
				CLANG_WARN_COMMA = YES;
				CLANG_WARN_CONSTANT_CONVERSION = YES;
				CLANG_WARN_DEPRECATED_OBJC_IMPLEMENTATIONS = YES;
				CLANG_WARN_DIRECT_OBJC_ISA_USAGE = YES_ERROR;
				CLANG_WARN_DOCUMENTATION_COMMENTS = YES;
				CLANG_WARN_EMPTY_BODY = YES;
				CLANG_WARN_ENUM_CONVERSION = YES;
				CLANG_WARN_INFINITE_RECURSION = YES;
				CLANG_WARN_INT_CONVERSION = YES;
				CLANG_WARN_NON_LITERAL_NULL_CONVERSION = YES;
				CLANG_WARN_OBJC_IMPLICIT_RETAIN_SELF = YES;
				CLANG_WARN_OBJC_LITERAL_CONVERSION = YES;
				CLANG_WARN_OBJC_ROOT_CLASS = YES_ERROR;
				CLANG_WARN_QUOTED_INCLUDE_IN_FRAMEWORK_HEADER = YES;
				CLANG_WARN_RANGE_LOOP_ANALYSIS = YES;
				CLANG_WARN_STRICT_PROTOTYPES = YES;
				CLANG_WARN_SUSPICIOUS_MOVE = YES;
				CLANG_WARN_UNGUARDED_AVAILABILITY = YES_AGGRESSIVE;
				CLANG_WARN_UNREACHABLE_CODE = YES;
				CLANG_WARN__DUPLICATE_METHOD_MATCH = YES;
				COPY_PHASE_STRIP = NO;
				DEBUG_INFORMATION_FORMAT = dwarf;
				ENABLE_STRICT_OBJC_MSGSEND = YES;
				ENABLE_TESTABILITY = YES;
				GCC_C_LANGUAGE_STANDARD = gnu11;
				GCC_DYNAMIC_NO_PIC = NO;
				GCC_NO_COMMON_BLOCKS = YES;
				GCC_OPTIMIZATION_LEVEL = 0;
				GCC_PREPROCESSOR_DEFINITIONS = (
					"DEBUG=1",
					"$(inherited)",
				);
				GCC_WARN_64_TO_32_BIT_CONVERSION = YES;
				GCC_WARN_ABOUT_RETURN_TYPE = YES_ERROR;
				GCC_WARN_UNDECLARED_SELECTOR = YES;
				GCC_WARN_UNINITIALIZED_AUTOS = YES_AGGRESSIVE;
				GCC_WARN_UNUSED_FUNCTION = YES;
				GCC_WARN_UNUSED_VARIABLE = YES;
				MTL_ENABLE_DEBUG_INFO = INCLUDE_SOURCE;
				MTL_FAST_MATH = YES;
				ONLY_ACTIVE_ARCH = YES;
				SWIFT_ACTIVE_COMPILATION_CONDITIONS = DEBUG;
				SWIFT_OPTIMIZATION_LEVEL = "-Onone";
			};
			name = Debug;
		};
		DF791EC52731C3D10024F698 /* Release */ = {
			isa = XCBuildConfiguration;
			buildSettings = {
				ALWAYS_SEARCH_USER_PATHS = NO;
				CLANG_ANALYZER_NONNULL = YES;
				CLANG_ANALYZER_NUMBER_OBJECT_CONVERSION = YES_AGGRESSIVE;
				CLANG_CXX_LANGUAGE_STANDARD = "gnu++17";
				CLANG_CXX_LIBRARY = "libc++";
				CLANG_ENABLE_MODULES = YES;
				CLANG_ENABLE_OBJC_ARC = YES;
				CLANG_ENABLE_OBJC_WEAK = YES;
				CLANG_WARN_BLOCK_CAPTURE_AUTORELEASING = YES;
				CLANG_WARN_BOOL_CONVERSION = YES;
				CLANG_WARN_COMMA = YES;
				CLANG_WARN_CONSTANT_CONVERSION = YES;
				CLANG_WARN_DEPRECATED_OBJC_IMPLEMENTATIONS = YES;
				CLANG_WARN_DIRECT_OBJC_ISA_USAGE = YES_ERROR;
				CLANG_WARN_DOCUMENTATION_COMMENTS = YES;
				CLANG_WARN_EMPTY_BODY = YES;
				CLANG_WARN_ENUM_CONVERSION = YES;
				CLANG_WARN_INFINITE_RECURSION = YES;
				CLANG_WARN_INT_CONVERSION = YES;
				CLANG_WARN_NON_LITERAL_NULL_CONVERSION = YES;
				CLANG_WARN_OBJC_IMPLICIT_RETAIN_SELF = YES;
				CLANG_WARN_OBJC_LITERAL_CONVERSION = YES;
				CLANG_WARN_OBJC_ROOT_CLASS = YES_ERROR;
				CLANG_WARN_QUOTED_INCLUDE_IN_FRAMEWORK_HEADER = YES;
				CLANG_WARN_RANGE_LOOP_ANALYSIS = YES;
				CLANG_WARN_STRICT_PROTOTYPES = YES;
				CLANG_WARN_SUSPICIOUS_MOVE = YES;
				CLANG_WARN_UNGUARDED_AVAILABILITY = YES_AGGRESSIVE;
				CLANG_WARN_UNREACHABLE_CODE = YES;
				CLANG_WARN__DUPLICATE_METHOD_MATCH = YES;
				COPY_PHASE_STRIP = NO;
				DEBUG_INFORMATION_FORMAT = "dwarf-with-dsym";
				ENABLE_NS_ASSERTIONS = NO;
				ENABLE_STRICT_OBJC_MSGSEND = YES;
				GCC_C_LANGUAGE_STANDARD = gnu11;
				GCC_NO_COMMON_BLOCKS = YES;
				GCC_WARN_64_TO_32_BIT_CONVERSION = YES;
				GCC_WARN_ABOUT_RETURN_TYPE = YES_ERROR;
				GCC_WARN_UNDECLARED_SELECTOR = YES;
				GCC_WARN_UNINITIALIZED_AUTOS = YES_AGGRESSIVE;
				GCC_WARN_UNUSED_FUNCTION = YES;
				GCC_WARN_UNUSED_VARIABLE = YES;
				MTL_ENABLE_DEBUG_INFO = NO;
				MTL_FAST_MATH = YES;
				SWIFT_COMPILATION_MODE = wholemodule;
				SWIFT_OPTIMIZATION_LEVEL = "-O";
			};
			name = Release;
		};
		DF791EC72731C3D10024F698 /* Debug */ = {
			isa = XCBuildConfiguration;
			buildSettings = {
				ASSETCATALOG_COMPILER_APPICON_NAME = AppIcon;
				ASSETCATALOG_COMPILER_GLOBAL_ACCENT_COLOR_NAME = AccentColor;
				CODE_SIGN_STYLE = Automatic;
				CURRENT_PROJECT_VERSION = 1;
				DEVELOPMENT_TEAM = RKF5B8L72N;
				ENABLE_PREVIEWS = YES;
				GENERATE_INFOPLIST_FILE = YES;
				INFOPLIST_KEY_UIApplicationSceneManifest_Generation = YES;
				INFOPLIST_KEY_UIApplicationSupportsIndirectInputEvents = YES;
				INFOPLIST_KEY_UILaunchScreen_Generation = YES;
				INFOPLIST_KEY_UISupportedInterfaceOrientations_iPad = "UIInterfaceOrientationPortrait UIInterfaceOrientationPortraitUpsideDown UIInterfaceOrientationLandscapeLeft UIInterfaceOrientationLandscapeRight";
				INFOPLIST_KEY_UISupportedInterfaceOrientations_iPhone = "UIInterfaceOrientationPortrait UIInterfaceOrientationLandscapeLeft UIInterfaceOrientationLandscapeRight";
				IPHONEOS_DEPLOYMENT_TARGET = 15.0;
				LD_RUNPATH_SEARCH_PATHS = (
					"$(inherited)",
					"@executable_path/Frameworks",
				);
				MARKETING_VERSION = 1.0;
				PRODUCT_BUNDLE_IDENTIFIER = "bob.movies-json";
				PRODUCT_NAME = movies_json;
				SDKROOT = iphoneos;
				SWIFT_EMIT_LOC_STRINGS = YES;
				SWIFT_VERSION = 5.0;
				TARGETED_DEVICE_FAMILY = "1,2";
			};
			name = Debug;
		};
		DF791EC82731C3D10024F698 /* Release */ = {
			isa = XCBuildConfiguration;
			buildSettings = {
				ASSETCATALOG_COMPILER_APPICON_NAME = AppIcon;
				ASSETCATALOG_COMPILER_GLOBAL_ACCENT_COLOR_NAME = AccentColor;
				CODE_SIGN_STYLE = Automatic;
				CURRENT_PROJECT_VERSION = 1;
				DEVELOPMENT_TEAM = RKF5B8L72N;
				ENABLE_PREVIEWS = YES;
				GENERATE_INFOPLIST_FILE = YES;
				INFOPLIST_KEY_UIApplicationSceneManifest_Generation = YES;
				INFOPLIST_KEY_UIApplicationSupportsIndirectInputEvents = YES;
				INFOPLIST_KEY_UILaunchScreen_Generation = YES;
				INFOPLIST_KEY_UISupportedInterfaceOrientations_iPad = "UIInterfaceOrientationPortrait UIInterfaceOrientationPortraitUpsideDown UIInterfaceOrientationLandscapeLeft UIInterfaceOrientationLandscapeRight";
				INFOPLIST_KEY_UISupportedInterfaceOrientations_iPhone = "UIInterfaceOrientationPortrait UIInterfaceOrientationLandscapeLeft UIInterfaceOrientationLandscapeRight";
				IPHONEOS_DEPLOYMENT_TARGET = 15.0;
				LD_RUNPATH_SEARCH_PATHS = (
					"$(inherited)",
					"@executable_path/Frameworks",
				);
				MARKETING_VERSION = 1.0;
				PRODUCT_BUNDLE_IDENTIFIER = "bob.movies-json";
				PRODUCT_NAME = movies_json;
				SDKROOT = iphoneos;
				SWIFT_EMIT_LOC_STRINGS = YES;
				SWIFT_VERSION = 5.0;
				TARGETED_DEVICE_FAMILY = "1,2";
				VALIDATE_PRODUCT = YES;
			};
			name = Release;
		};
		DF791ECA2731C3D10024F698 /* Debug */ = {
			isa = XCBuildConfiguration;
			buildSettings = {
				ASSETCATALOG_COMPILER_APPICON_NAME = AppIcon;
				ASSETCATALOG_COMPILER_GLOBAL_ACCENT_COLOR_NAME = AccentColor;
				CODE_SIGN_ENTITLEMENTS = macOS/macOS.entitlements;
				CODE_SIGN_STYLE = Automatic;
				COMBINE_HIDPI_IMAGES = YES;
				CURRENT_PROJECT_VERSION = 1;
				DEVELOPMENT_TEAM = RKF5B8L72N;
				ENABLE_HARDENED_RUNTIME = YES;
				ENABLE_PREVIEWS = YES;
				GENERATE_INFOPLIST_FILE = YES;
				INFOPLIST_KEY_NSHumanReadableCopyright = "";
				LD_RUNPATH_SEARCH_PATHS = (
					"$(inherited)",
					"@executable_path/../Frameworks",
				);
				MACOSX_DEPLOYMENT_TARGET = 12.0;
				MARKETING_VERSION = 1.0;
				PRODUCT_BUNDLE_IDENTIFIER = "bob.movies-json";
				PRODUCT_NAME = movies_json;
				SDKROOT = macosx;
				SWIFT_EMIT_LOC_STRINGS = YES;
				SWIFT_VERSION = 5.0;
			};
			name = Debug;
		};
		DF791ECB2731C3D10024F698 /* Release */ = {
			isa = XCBuildConfiguration;
			buildSettings = {
				ASSETCATALOG_COMPILER_APPICON_NAME = AppIcon;
				ASSETCATALOG_COMPILER_GLOBAL_ACCENT_COLOR_NAME = AccentColor;
				CODE_SIGN_ENTITLEMENTS = macOS/macOS.entitlements;
				CODE_SIGN_STYLE = Automatic;
				COMBINE_HIDPI_IMAGES = YES;
				CURRENT_PROJECT_VERSION = 1;
				DEVELOPMENT_TEAM = RKF5B8L72N;
				ENABLE_HARDENED_RUNTIME = YES;
				ENABLE_PREVIEWS = YES;
				GENERATE_INFOPLIST_FILE = YES;
				INFOPLIST_KEY_NSHumanReadableCopyright = "";
				LD_RUNPATH_SEARCH_PATHS = (
					"$(inherited)",
					"@executable_path/../Frameworks",
				);
				MACOSX_DEPLOYMENT_TARGET = 12.0;
				MARKETING_VERSION = 1.0;
				PRODUCT_BUNDLE_IDENTIFIER = "bob.movies-json";
				PRODUCT_NAME = movies_json;
				SDKROOT = macosx;
				SWIFT_EMIT_LOC_STRINGS = YES;
				SWIFT_VERSION = 5.0;
			};
			name = Release;
		};
		DF791ECD2731C3D10024F698 /* Debug */ = {
			isa = XCBuildConfiguration;
			buildSettings = {
				ALWAYS_EMBED_SWIFT_STANDARD_LIBRARIES = YES;
				CODE_SIGN_STYLE = Automatic;
				CURRENT_PROJECT_VERSION = 1;
				DEVELOPMENT_TEAM = RKF5B8L72N;
				GENERATE_INFOPLIST_FILE = YES;
				IPHONEOS_DEPLOYMENT_TARGET = 15.0;
				LD_RUNPATH_SEARCH_PATHS = (
					"$(inherited)",
					"@executable_path/Frameworks",
					"@loader_path/Frameworks",
				);
				MARKETING_VERSION = 1.0;
				PRODUCT_BUNDLE_IDENTIFIER = "bob.Tests-iOS";
				PRODUCT_NAME = "$(TARGET_NAME)";
				SDKROOT = iphoneos;
				SWIFT_EMIT_LOC_STRINGS = NO;
				SWIFT_VERSION = 5.0;
				TARGETED_DEVICE_FAMILY = "1,2";
				TEST_TARGET_NAME = "movies_json (iOS)";
			};
			name = Debug;
		};
		DF791ECE2731C3D10024F698 /* Release */ = {
			isa = XCBuildConfiguration;
			buildSettings = {
				ALWAYS_EMBED_SWIFT_STANDARD_LIBRARIES = YES;
				CODE_SIGN_STYLE = Automatic;
				CURRENT_PROJECT_VERSION = 1;
				DEVELOPMENT_TEAM = RKF5B8L72N;
				GENERATE_INFOPLIST_FILE = YES;
				IPHONEOS_DEPLOYMENT_TARGET = 15.0;
				LD_RUNPATH_SEARCH_PATHS = (
					"$(inherited)",
					"@executable_path/Frameworks",
					"@loader_path/Frameworks",
				);
				MARKETING_VERSION = 1.0;
				PRODUCT_BUNDLE_IDENTIFIER = "bob.Tests-iOS";
				PRODUCT_NAME = "$(TARGET_NAME)";
				SDKROOT = iphoneos;
				SWIFT_EMIT_LOC_STRINGS = NO;
				SWIFT_VERSION = 5.0;
				TARGETED_DEVICE_FAMILY = "1,2";
				TEST_TARGET_NAME = "movies_json (iOS)";
				VALIDATE_PRODUCT = YES;
			};
			name = Release;
		};
		DF791ED02731C3D10024F698 /* Debug */ = {
			isa = XCBuildConfiguration;
			buildSettings = {
				ALWAYS_EMBED_SWIFT_STANDARD_LIBRARIES = YES;
				CODE_SIGN_STYLE = Automatic;
				COMBINE_HIDPI_IMAGES = YES;
				CURRENT_PROJECT_VERSION = 1;
				DEVELOPMENT_TEAM = RKF5B8L72N;
				GENERATE_INFOPLIST_FILE = YES;
				LD_RUNPATH_SEARCH_PATHS = (
					"$(inherited)",
					"@executable_path/../Frameworks",
					"@loader_path/../Frameworks",
				);
				MACOSX_DEPLOYMENT_TARGET = 12.0;
				MARKETING_VERSION = 1.0;
				PRODUCT_BUNDLE_IDENTIFIER = "bob.Tests-macOS";
				PRODUCT_NAME = "$(TARGET_NAME)";
				SDKROOT = macosx;
				SWIFT_EMIT_LOC_STRINGS = NO;
				SWIFT_VERSION = 5.0;
				TEST_TARGET_NAME = "movies_json (macOS)";
			};
			name = Debug;
		};
		DF791ED12731C3D10024F698 /* Release */ = {
			isa = XCBuildConfiguration;
			buildSettings = {
				ALWAYS_EMBED_SWIFT_STANDARD_LIBRARIES = YES;
				CODE_SIGN_STYLE = Automatic;
				COMBINE_HIDPI_IMAGES = YES;
				CURRENT_PROJECT_VERSION = 1;
				DEVELOPMENT_TEAM = RKF5B8L72N;
				GENERATE_INFOPLIST_FILE = YES;
				LD_RUNPATH_SEARCH_PATHS = (
					"$(inherited)",
					"@executable_path/../Frameworks",
					"@loader_path/../Frameworks",
				);
				MACOSX_DEPLOYMENT_TARGET = 12.0;
				MARKETING_VERSION = 1.0;
				PRODUCT_BUNDLE_IDENTIFIER = "bob.Tests-macOS";
				PRODUCT_NAME = "$(TARGET_NAME)";
				SDKROOT = macosx;
				SWIFT_EMIT_LOC_STRINGS = NO;
				SWIFT_VERSION = 5.0;
				TEST_TARGET_NAME = "movies_json (macOS)";
			};
			name = Release;
		};
/* End XCBuildConfiguration section */

/* Begin XCConfigurationList section */
		DF791E942731C3CF0024F698 /* Build configuration list for PBXProject "movies_json" */ = {
			isa = XCConfigurationList;
			buildConfigurations = (
				DF791EC42731C3D10024F698 /* Debug */,
				DF791EC52731C3D10024F698 /* Release */,
			);
			defaultConfigurationIsVisible = 0;
			defaultConfigurationName = Release;
		};
		DF791EC62731C3D10024F698 /* Build configuration list for PBXNativeTarget "movies_json (iOS)" */ = {
			isa = XCConfigurationList;
			buildConfigurations = (
				DF791EC72731C3D10024F698 /* Debug */,
				DF791EC82731C3D10024F698 /* Release */,
			);
			defaultConfigurationIsVisible = 0;
			defaultConfigurationName = Release;
		};
		DF791EC92731C3D10024F698 /* Build configuration list for PBXNativeTarget "movies_json (macOS)" */ = {
			isa = XCConfigurationList;
			buildConfigurations = (
				DF791ECA2731C3D10024F698 /* Debug */,
				DF791ECB2731C3D10024F698 /* Release */,
			);
			defaultConfigurationIsVisible = 0;
			defaultConfigurationName = Release;
		};
		DF791ECC2731C3D10024F698 /* Build configuration list for PBXNativeTarget "Tests iOS" */ = {
			isa = XCConfigurationList;
			buildConfigurations = (
				DF791ECD2731C3D10024F698 /* Debug */,
				DF791ECE2731C3D10024F698 /* Release */,
			);
			defaultConfigurationIsVisible = 0;
			defaultConfigurationName = Release;
		};
		DF791ECF2731C3D10024F698 /* Build configuration list for PBXNativeTarget "Tests macOS" */ = {
			isa = XCConfigurationList;
			buildConfigurations = (
				DF791ED02731C3D10024F698 /* Debug */,
				DF791ED12731C3D10024F698 /* Release */,
			);
			defaultConfigurationIsVisible = 0;
			defaultConfigurationName = Release;
		};
/* End XCConfigurationList section */
	};
	rootObject = DF791E912731C3CF0024F698 /* Project object */;
}
